
Microsoft Visual Studio Solution File, Format Version 12.00
# Visual Studio Version 16
VisualStudioVersion = 16.0.30503.244
MinimumVisualStudioVersion = 10.0.40219.1
Project("{F184B08F-C81C-45F6-A57F-5ABD9991F28F}") = "Implementação Trabalho CLP", "Implementação Trabalho CLP.vbproj", "{9A5BF55A-4A1B-44B2-879B-79A0B1597A20}"
EndProject
Global
	GlobalSection(SolutionConfigurationPlatforms) = preSolution
		Debug|Any CPU = Debug|Any CPU
		Release|Any CPU = Release|Any CPU
	EndGlobalSection
	GlobalSection(ProjectConfigurationPlatforms) = postSolution
		{9A5BF55A-4A1B-44B2-879B-79A0B1597A20}.Debug|Any CPU.ActiveCfg = Debug|Any CPU
		{9A5BF55A-4A1B-44B2-879B-79A0B1597A20}.Debug|Any CPU.Build.0 = Debug|Any CPU
		{9A5BF55A-4A1B-44B2-879B-79A0B1597A20}.Release|Any CPU.ActiveCfg = Release|Any CPU
		{9A5BF55A-4A1B-44B2-879B-79A0B1597A20}.Release|Any CPU.Build.0 = Release|Any CPU
	EndGlobalSection
	GlobalSection(SolutionProperties) = preSolution
		HideSolutionNode = FALSE
	EndGlobalSection
	GlobalSection(ExtensibilityGlobals) = postSolution
		SolutionGuid = {D8163103-D6E8-4674-8130-9AFC94B674BB}
	EndGlobalSection
EndGlobal
